// !$*UTF8*$!
{
	archiveVersion = 1;
	classes = {
	};
	objectVersion = 56;
	objects = {

/* Begin PBXBuildFile section */
		02368BE52B76FD4D006DDC4E /* SwiftfulThinkingSPMsAndSDKsApp.swift in Sources */ = {isa = PBXBuildFile; fileRef = 02368BE42B76FD4D006DDC4E /* SwiftfulThinkingSPMsAndSDKsApp.swift */; };
		02368BE72B76FD4D006DDC4E /* ContentView.swift in Sources */ = {isa = PBXBuildFile; fileRef = 02368BE62B76FD4D006DDC4E /* ContentView.swift */; };
		02368BE92B76FD51006DDC4E /* Assets.xcassets in Resources */ = {isa = PBXBuildFile; fileRef = 02368BE82B76FD51006DDC4E /* Assets.xcassets */; };
		02368BED2B76FD51006DDC4E /* Preview Assets.xcassets in Resources */ = {isa = PBXBuildFile; fileRef = 02368BEC2B76FD51006DDC4E /* Preview Assets.xcassets */; };
		02368BF52B76FFD5006DDC4E /* SDWebImageSwiftUI in Frameworks */ = {isa = PBXBuildFile; productRef = 02368BF42B76FFD5006DDC4E /* SDWebImageSwiftUI */; };
		02368BF82B77002A006DDC4E /* SDWebImageBootcamp.swift in Sources */ = {isa = PBXBuildFile; fileRef = 02368BF72B77002A006DDC4E /* SDWebImageBootcamp.swift */; };
		02368BFE2B7713AC006DDC4E /* ImageLoader.swift in Sources */ = {isa = PBXBuildFile; fileRef = 02368BFD2B7713AC006DDC4E /* ImageLoader.swift */; };
		02368C002B7713DC006DDC4E /* ImagePrefetcher.swift in Sources */ = {isa = PBXBuildFile; fileRef = 02368BFF2B7713DC006DDC4E /* ImagePrefetcher.swift */; };
		02368C042B771470006DDC4E /* KingfisherBootcamp.swift in Sources */ = {isa = PBXBuildFile; fileRef = 02368C032B771470006DDC4E /* KingfisherBootcamp.swift */; };
		02368C072B7714A5006DDC4E /* Kingfisher in Frameworks */ = {isa = PBXBuildFile; productRef = 02368C062B7714A5006DDC4E /* Kingfisher */; };
		02368C322B7977CC006DDC4E /* KeychainSwiftBootcamp.swift in Sources */ = {isa = PBXBuildFile; fileRef = 02368C312B7977CC006DDC4E /* KeychainSwiftBootcamp.swift */; };
		02368C352B797950006DDC4E /* KeychainSwift in Frameworks */ = {isa = PBXBuildFile; productRef = 02368C342B797950006DDC4E /* KeychainSwift */; };
		02368C382B79830A006DDC4E /* SwiftfulUIBootcamp.swift in Sources */ = {isa = PBXBuildFile; fileRef = 02368C372B79830A006DDC4E /* SwiftfulUIBootcamp.swift */; };
		02368C3B2B79831F006DDC4E /* SwiftfulUI in Frameworks */ = {isa = PBXBuildFile; productRef = 02368C3A2B79831F006DDC4E /* SwiftfulUI */; };
		02368C3F2B798FB8006DDC4E /* SwiftfulRouting in Frameworks */ = {isa = PBXBuildFile; productRef = 02368C3E2B798FB8006DDC4E /* SwiftfulRouting */; };
		02368C412B798FC9006DDC4E /* SwiftfulRoutingBootcamp.swift in Sources */ = {isa = PBXBuildFile; fileRef = 02368C402B798FC9006DDC4E /* SwiftfulRoutingBootcamp.swift */; };
		02368C442B799881006DDC4E /* LottieBootcamp.swift in Sources */ = {isa = PBXBuildFile; fileRef = 02368C432B799881006DDC4E /* LottieBootcamp.swift */; };
		02368C472B79998C006DDC4E /* Lottie in Frameworks */ = {isa = PBXBuildFile; productRef = 02368C462B79998C006DDC4E /* Lottie */; };
		02368C492B799ACD006DDC4E /* StarAnimation.json in Resources */ = {isa = PBXBuildFile; fileRef = 02368C482B799ACD006DDC4E /* StarAnimation.json */; };
/* End PBXBuildFile section */

/* Begin PBXFileReference section */
		02368BE12B76FD4D006DDC4E /* SwiftfulThinkingSPMsAndSDKs.app */ = {isa = PBXFileReference; explicitFileType = wrapper.application; includeInIndex = 0; path = SwiftfulThinkingSPMsAndSDKs.app; sourceTree = BUILT_PRODUCTS_DIR; };
		02368BE42B76FD4D006DDC4E /* SwiftfulThinkingSPMsAndSDKsApp.swift */ = {isa = PBXFileReference; lastKnownFileType = sourcecode.swift; path = SwiftfulThinkingSPMsAndSDKsApp.swift; sourceTree = "<group>"; };
		02368BE62B76FD4D006DDC4E /* ContentView.swift */ = {isa = PBXFileReference; lastKnownFileType = sourcecode.swift; path = ContentView.swift; sourceTree = "<group>"; };
		02368BE82B76FD51006DDC4E /* Assets.xcassets */ = {isa = PBXFileReference; lastKnownFileType = folder.assetcatalog; path = Assets.xcassets; sourceTree = "<group>"; };
		02368BEA2B76FD51006DDC4E /* SwiftfulThinkingSPMsAndSDKs.entitlements */ = {isa = PBXFileReference; lastKnownFileType = text.plist.entitlements; path = SwiftfulThinkingSPMsAndSDKs.entitlements; sourceTree = "<group>"; };
		02368BEC2B76FD51006DDC4E /* Preview Assets.xcassets */ = {isa = PBXFileReference; lastKnownFileType = folder.assetcatalog; path = "Preview Assets.xcassets"; sourceTree = "<group>"; };
		02368BF72B77002A006DDC4E /* SDWebImageBootcamp.swift */ = {isa = PBXFileReference; lastKnownFileType = sourcecode.swift; path = SDWebImageBootcamp.swift; sourceTree = "<group>"; };
		02368BFD2B7713AC006DDC4E /* ImageLoader.swift */ = {isa = PBXFileReference; lastKnownFileType = sourcecode.swift; path = ImageLoader.swift; sourceTree = "<group>"; };
		02368BFF2B7713DC006DDC4E /* ImagePrefetcher.swift */ = {isa = PBXFileReference; lastKnownFileType = sourcecode.swift; path = ImagePrefetcher.swift; sourceTree = "<group>"; };
		02368C032B771470006DDC4E /* KingfisherBootcamp.swift */ = {isa = PBXFileReference; lastKnownFileType = sourcecode.swift; path = KingfisherBootcamp.swift; sourceTree = "<group>"; };
		02368C312B7977CC006DDC4E /* KeychainSwiftBootcamp.swift */ = {isa = PBXFileReference; lastKnownFileType = sourcecode.swift; path = KeychainSwiftBootcamp.swift; sourceTree = "<group>"; };
		02368C372B79830A006DDC4E /* SwiftfulUIBootcamp.swift */ = {isa = PBXFileReference; lastKnownFileType = sourcecode.swift; path = SwiftfulUIBootcamp.swift; sourceTree = "<group>"; };
		02368C402B798FC9006DDC4E /* SwiftfulRoutingBootcamp.swift */ = {isa = PBXFileReference; lastKnownFileType = sourcecode.swift; path = SwiftfulRoutingBootcamp.swift; sourceTree = "<group>"; };
		02368C432B799881006DDC4E /* LottieBootcamp.swift */ = {isa = PBXFileReference; lastKnownFileType = sourcecode.swift; path = LottieBootcamp.swift; sourceTree = "<group>"; };
		02368C482B799ACD006DDC4E /* StarAnimation.json */ = {isa = PBXFileReference; fileEncoding = 4; lastKnownFileType = text.json; path = StarAnimation.json; sourceTree = "<group>"; };
/* End PBXFileReference section */

/* Begin PBXFrameworksBuildPhase section */
		02368BDE2B76FD4D006DDC4E /* Frameworks */ = {
			isa = PBXFrameworksBuildPhase;
			buildActionMask = 2147483647;
			files = (
				02368C3B2B79831F006DDC4E /* SwiftfulUI in Frameworks */,
				02368C352B797950006DDC4E /* KeychainSwift in Frameworks */,
				02368C072B7714A5006DDC4E /* Kingfisher in Frameworks */,
				02368BF52B76FFD5006DDC4E /* SDWebImageSwiftUI in Frameworks */,
				02368C3F2B798FB8006DDC4E /* SwiftfulRouting in Frameworks */,
				02368C472B79998C006DDC4E /* Lottie in Frameworks */,
			);
			runOnlyForDeploymentPostprocessing = 0;
		};
/* End PBXFrameworksBuildPhase section */

/* Begin PBXGroup section */
		02368BD82B76FD4D006DDC4E = {
			isa = PBXGroup;
			children = (
				02368BE32B76FD4D006DDC4E /* SwiftfulThinkingSPMsAndSDKs */,
				02368BE22B76FD4D006DDC4E /* Products */,
				02368BF62B770012006DDC4E /* Frameworks */,
			);
			sourceTree = "<group>";
		};
		02368BE22B76FD4D006DDC4E /* Products */ = {
			isa = PBXGroup;
			children = (
				02368BE12B76FD4D006DDC4E /* SwiftfulThinkingSPMsAndSDKs.app */,
			);
			name = Products;
			sourceTree = "<group>";
		};
		02368BE32B76FD4D006DDC4E /* SwiftfulThinkingSPMsAndSDKs */ = {
			isa = PBXGroup;
			children = (
				02368BE42B76FD4D006DDC4E /* SwiftfulThinkingSPMsAndSDKsApp.swift */,
				02368BE62B76FD4D006DDC4E /* ContentView.swift */,
				02368C422B799878006DDC4E /* Animations */,
				02368C3C2B798F9D006DDC4E /* Routing */,
				02368C362B798278006DDC4E /* UIHelpers */,
				02368C302B7977B4006DDC4E /* Keychains */,
				02368BFC2B77139E006DDC4E /* ImageLoading */,
				02368BE82B76FD51006DDC4E /* Assets.xcassets */,
				02368C482B799ACD006DDC4E /* StarAnimation.json */,
				02368BEA2B76FD51006DDC4E /* SwiftfulThinkingSPMsAndSDKs.entitlements */,
				02368BEB2B76FD51006DDC4E /* Preview Content */,
			);
			path = SwiftfulThinkingSPMsAndSDKs;
			sourceTree = "<group>";
		};
		02368BEB2B76FD51006DDC4E /* Preview Content */ = {
			isa = PBXGroup;
			children = (
				02368BEC2B76FD51006DDC4E /* Preview Assets.xcassets */,
			);
			path = "Preview Content";
			sourceTree = "<group>";
		};
		02368BF62B770012006DDC4E /* Frameworks */ = {
			isa = PBXGroup;
			children = (
			);
			name = Frameworks;
			sourceTree = "<group>";
		};
		02368BFC2B77139E006DDC4E /* ImageLoading */ = {
			isa = PBXGroup;
			children = (
				02368C022B77145A006DDC4E /* Generic */,
				02368C012B771454006DDC4E /* SPMs */,
			);
			path = ImageLoading;
			sourceTree = "<group>";
		};
		02368C012B771454006DDC4E /* SPMs */ = {
			isa = PBXGroup;
			children = (
				02368BF72B77002A006DDC4E /* SDWebImageBootcamp.swift */,
				02368C032B771470006DDC4E /* KingfisherBootcamp.swift */,
			);
			path = SPMs;
			sourceTree = "<group>";
		};
		02368C022B77145A006DDC4E /* Generic */ = {
			isa = PBXGroup;
			children = (
				02368BFD2B7713AC006DDC4E /* ImageLoader.swift */,
				02368BFF2B7713DC006DDC4E /* ImagePrefetcher.swift */,
			);
			path = Generic;
			sourceTree = "<group>";
		};
		02368C302B7977B4006DDC4E /* Keychains */ = {
			isa = PBXGroup;
			children = (
				02368C312B7977CC006DDC4E /* KeychainSwiftBootcamp.swift */,
			);
			path = Keychains;
			sourceTree = "<group>";
		};
		02368C362B798278006DDC4E /* UIHelpers */ = {
			isa = PBXGroup;
			children = (
				02368C372B79830A006DDC4E /* SwiftfulUIBootcamp.swift */,
			);
			path = UIHelpers;
			sourceTree = "<group>";
		};
		02368C3C2B798F9D006DDC4E /* Routing */ = {
			isa = PBXGroup;
			children = (
				02368C402B798FC9006DDC4E /* SwiftfulRoutingBootcamp.swift */,
			);
			path = Routing;
			sourceTree = "<group>";
		};
		02368C422B799878006DDC4E /* Animations */ = {
			isa = PBXGroup;
			children = (
				02368C432B799881006DDC4E /* LottieBootcamp.swift */,
			);
			path = Animations;
			sourceTree = "<group>";
		};
/* End PBXGroup section */

/* Begin PBXNativeTarget section */
		02368BE02B76FD4D006DDC4E /* SwiftfulThinkingSPMsAndSDKs */ = {
			isa = PBXNativeTarget;
			buildConfigurationList = 02368BF02B76FD51006DDC4E /* Build configuration list for PBXNativeTarget "SwiftfulThinkingSPMsAndSDKs" */;
			buildPhases = (
				02368BDD2B76FD4D006DDC4E /* Sources */,
				02368BDE2B76FD4D006DDC4E /* Frameworks */,
				02368BDF2B76FD4D006DDC4E /* Resources */,
			);
			buildRules = (
			);
			dependencies = (
			);
			name = SwiftfulThinkingSPMsAndSDKs;
			packageProductDependencies = (
				02368BF42B76FFD5006DDC4E /* SDWebImageSwiftUI */,
				02368C062B7714A5006DDC4E /* Kingfisher */,
				02368C342B797950006DDC4E /* KeychainSwift */,
				02368C3A2B79831F006DDC4E /* SwiftfulUI */,
				02368C3E2B798FB8006DDC4E /* SwiftfulRouting */,
				02368C462B79998C006DDC4E /* Lottie */,
			);
			productName = SwiftfulThinkingSPMsAndSDKs;
			productReference = 02368BE12B76FD4D006DDC4E /* SwiftfulThinkingSPMsAndSDKs.app */;
			productType = "com.apple.product-type.application";
		};
/* End PBXNativeTarget section */

/* Begin PBXProject section */
		02368BD92B76FD4D006DDC4E /* Project object */ = {
			isa = PBXProject;
			attributes = {
				BuildIndependentTargetsInParallel = 1;
				LastSwiftUpdateCheck = 1500;
				LastUpgradeCheck = 1500;
				TargetAttributes = {
					02368BE02B76FD4D006DDC4E = {
						CreatedOnToolsVersion = 15.0.1;
					};
				};
			};
			buildConfigurationList = 02368BDC2B76FD4D006DDC4E /* Build configuration list for PBXProject "SwiftfulThinkingSPMsAndSDKs" */;
			compatibilityVersion = "Xcode 14.0";
			developmentRegion = en;
			hasScannedForEncodings = 0;
			knownRegions = (
				en,
				Base,
			);
			mainGroup = 02368BD82B76FD4D006DDC4E;
			packageReferences = (
				02368BF32B76FFD5006DDC4E /* XCRemoteSwiftPackageReference "SDWebImageSwiftUI" */,
				02368C052B7714A5006DDC4E /* XCRemoteSwiftPackageReference "Kingfisher" */,
				02368C332B797950006DDC4E /* XCRemoteSwiftPackageReference "keychain-swift" */,
				02368C392B79831F006DDC4E /* XCRemoteSwiftPackageReference "SwiftfulUI" */,
				02368C3D2B798FB8006DDC4E /* XCRemoteSwiftPackageReference "SwiftfulRouting" */,
				02368C452B79998C006DDC4E /* XCRemoteSwiftPackageReference "lottie-ios" */,
			);
			productRefGroup = 02368BE22B76FD4D006DDC4E /* Products */;
			projectDirPath = "";
			projectRoot = "";
			targets = (
				02368BE02B76FD4D006DDC4E /* SwiftfulThinkingSPMsAndSDKs */,
			);
		};
/* End PBXProject section */

/* Begin PBXResourcesBuildPhase section */
		02368BDF2B76FD4D006DDC4E /* Resources */ = {
			isa = PBXResourcesBuildPhase;
			buildActionMask = 2147483647;
			files = (
				02368BED2B76FD51006DDC4E /* Preview Assets.xcassets in Resources */,
				02368BE92B76FD51006DDC4E /* Assets.xcassets in Resources */,
				02368C492B799ACD006DDC4E /* StarAnimation.json in Resources */,
			);
			runOnlyForDeploymentPostprocessing = 0;
		};
/* End PBXResourcesBuildPhase section */

/* Begin PBXSourcesBuildPhase section */
		02368BDD2B76FD4D006DDC4E /* Sources */ = {
			isa = PBXSourcesBuildPhase;
			buildActionMask = 2147483647;
			files = (
				02368BE72B76FD4D006DDC4E /* ContentView.swift in Sources */,
				02368BE52B76FD4D006DDC4E /* SwiftfulThinkingSPMsAndSDKsApp.swift in Sources */,
				02368C382B79830A006DDC4E /* SwiftfulUIBootcamp.swift in Sources */,
				02368C042B771470006DDC4E /* KingfisherBootcamp.swift in Sources */,
				02368C412B798FC9006DDC4E /* SwiftfulRoutingBootcamp.swift in Sources */,
				02368C442B799881006DDC4E /* LottieBootcamp.swift in Sources */,
				02368C322B7977CC006DDC4E /* KeychainSwiftBootcamp.swift in Sources */,
				02368BFE2B7713AC006DDC4E /* ImageLoader.swift in Sources */,
				02368C002B7713DC006DDC4E /* ImagePrefetcher.swift in Sources */,
				02368BF82B77002A006DDC4E /* SDWebImageBootcamp.swift in Sources */,
			);
			runOnlyForDeploymentPostprocessing = 0;
		};
/* End PBXSourcesBuildPhase section */

/* Begin XCBuildConfiguration section */
		02368BEE2B76FD51006DDC4E /* Debug */ = {
			isa = XCBuildConfiguration;
			buildSettings = {
				ALWAYS_SEARCH_USER_PATHS = NO;
				ASSETCATALOG_COMPILER_GENERATE_SWIFT_ASSET_SYMBOL_EXTENSIONS = YES;
				CLANG_ANALYZER_NONNULL = YES;
				CLANG_ANALYZER_NUMBER_OBJECT_CONVERSION = YES_AGGRESSIVE;
				CLANG_CXX_LANGUAGE_STANDARD = "gnu++20";
				CLANG_ENABLE_MODULES = YES;
				CLANG_ENABLE_OBJC_ARC = YES;
				CLANG_ENABLE_OBJC_WEAK = YES;
				CLANG_WARN_BLOCK_CAPTURE_AUTORELEASING = YES;
				CLANG_WARN_BOOL_CONVERSION = YES;
				CLANG_WARN_COMMA = YES;
				CLANG_WARN_CONSTANT_CONVERSION = YES;
				CLANG_WARN_DEPRECATED_OBJC_IMPLEMENTATIONS = YES;
				CLANG_WARN_DIRECT_OBJC_ISA_USAGE = YES_ERROR;
				CLANG_WARN_DOCUMENTATION_COMMENTS = YES;
				CLANG_WARN_EMPTY_BODY = YES;
				CLANG_WARN_ENUM_CONVERSION = YES;
				CLANG_WARN_INFINITE_RECURSION = YES;
				CLANG_WARN_INT_CONVERSION = YES;
				CLANG_WARN_NON_LITERAL_NULL_CONVERSION = YES;
				CLANG_WARN_OBJC_IMPLICIT_RETAIN_SELF = YES;
				CLANG_WARN_OBJC_LITERAL_CONVERSION = YES;
				CLANG_WARN_OBJC_ROOT_CLASS = YES_ERROR;
				CLANG_WARN_QUOTED_INCLUDE_IN_FRAMEWORK_HEADER = YES;
				CLANG_WARN_RANGE_LOOP_ANALYSIS = YES;
				CLANG_WARN_STRICT_PROTOTYPES = YES;
				CLANG_WARN_SUSPICIOUS_MOVE = YES;
				CLANG_WARN_UNGUARDED_AVAILABILITY = YES_AGGRESSIVE;
				CLANG_WARN_UNREACHABLE_CODE = YES;
				CLANG_WARN__DUPLICATE_METHOD_MATCH = YES;
				COPY_PHASE_STRIP = NO;
				DEBUG_INFORMATION_FORMAT = dwarf;
				ENABLE_STRICT_OBJC_MSGSEND = YES;
				ENABLE_TESTABILITY = YES;
				ENABLE_USER_SCRIPT_SANDBOXING = YES;
				GCC_C_LANGUAGE_STANDARD = gnu17;
				GCC_DYNAMIC_NO_PIC = NO;
				GCC_NO_COMMON_BLOCKS = YES;
				GCC_OPTIMIZATION_LEVEL = 0;
				GCC_PREPROCESSOR_DEFINITIONS = (
					"DEBUG=1",
					"$(inherited)",
				);
				GCC_WARN_64_TO_32_BIT_CONVERSION = YES;
				GCC_WARN_ABOUT_RETURN_TYPE = YES_ERROR;
				GCC_WARN_UNDECLARED_SELECTOR = YES;
				GCC_WARN_UNINITIALIZED_AUTOS = YES_AGGRESSIVE;
				GCC_WARN_UNUSED_FUNCTION = YES;
				GCC_WARN_UNUSED_VARIABLE = YES;
				LOCALIZATION_PREFERS_STRING_CATALOGS = YES;
				MTL_ENABLE_DEBUG_INFO = INCLUDE_SOURCE;
				MTL_FAST_MATH = YES;
				ONLY_ACTIVE_ARCH = YES;
				SWIFT_ACTIVE_COMPILATION_CONDITIONS = "DEBUG $(inherited)";
				SWIFT_OPTIMIZATION_LEVEL = "-Onone";
			};
			name = Debug;
		};
		02368BEF2B76FD51006DDC4E /* Release */ = {
			isa = XCBuildConfiguration;
			buildSettings = {
				ALWAYS_SEARCH_USER_PATHS = NO;
				ASSETCATALOG_COMPILER_GENERATE_SWIFT_ASSET_SYMBOL_EXTENSIONS = YES;
				CLANG_ANALYZER_NONNULL = YES;
				CLANG_ANALYZER_NUMBER_OBJECT_CONVERSION = YES_AGGRESSIVE;
				CLANG_CXX_LANGUAGE_STANDARD = "gnu++20";
				CLANG_ENABLE_MODULES = YES;
				CLANG_ENABLE_OBJC_ARC = YES;
				CLANG_ENABLE_OBJC_WEAK = YES;
				CLANG_WARN_BLOCK_CAPTURE_AUTORELEASING = YES;
				CLANG_WARN_BOOL_CONVERSION = YES;
				CLANG_WARN_COMMA = YES;
				CLANG_WARN_CONSTANT_CONVERSION = YES;
				CLANG_WARN_DEPRECATED_OBJC_IMPLEMENTATIONS = YES;
				CLANG_WARN_DIRECT_OBJC_ISA_USAGE = YES_ERROR;
				CLANG_WARN_DOCUMENTATION_COMMENTS = YES;
				CLANG_WARN_EMPTY_BODY = YES;
				CLANG_WARN_ENUM_CONVERSION = YES;
				CLANG_WARN_INFINITE_RECURSION = YES;
				CLANG_WARN_INT_CONVERSION = YES;
				CLANG_WARN_NON_LITERAL_NULL_CONVERSION = YES;
				CLANG_WARN_OBJC_IMPLICIT_RETAIN_SELF = YES;
				CLANG_WARN_OBJC_LITERAL_CONVERSION = YES;
				CLANG_WARN_OBJC_ROOT_CLASS = YES_ERROR;
				CLANG_WARN_QUOTED_INCLUDE_IN_FRAMEWORK_HEADER = YES;
				CLANG_WARN_RANGE_LOOP_ANALYSIS = YES;
				CLANG_WARN_STRICT_PROTOTYPES = YES;
				CLANG_WARN_SUSPICIOUS_MOVE = YES;
				CLANG_WARN_UNGUARDED_AVAILABILITY = YES_AGGRESSIVE;
				CLANG_WARN_UNREACHABLE_CODE = YES;
				CLANG_WARN__DUPLICATE_METHOD_MATCH = YES;
				COPY_PHASE_STRIP = NO;
				DEBUG_INFORMATION_FORMAT = "dwarf-with-dsym";
				ENABLE_NS_ASSERTIONS = NO;
				ENABLE_STRICT_OBJC_MSGSEND = YES;
				ENABLE_USER_SCRIPT_SANDBOXING = YES;
				GCC_C_LANGUAGE_STANDARD = gnu17;
				GCC_NO_COMMON_BLOCKS = YES;
				GCC_WARN_64_TO_32_BIT_CONVERSION = YES;
				GCC_WARN_ABOUT_RETURN_TYPE = YES_ERROR;
				GCC_WARN_UNDECLARED_SELECTOR = YES;
				GCC_WARN_UNINITIALIZED_AUTOS = YES_AGGRESSIVE;
				GCC_WARN_UNUSED_FUNCTION = YES;
				GCC_WARN_UNUSED_VARIABLE = YES;
				LOCALIZATION_PREFERS_STRING_CATALOGS = YES;
				MTL_ENABLE_DEBUG_INFO = NO;
				MTL_FAST_MATH = YES;
				SWIFT_COMPILATION_MODE = wholemodule;
			};
			name = Release;
		};
		02368BF12B76FD51006DDC4E /* Debug */ = {
			isa = XCBuildConfiguration;
			buildSettings = {
				ASSETCATALOG_COMPILER_APPICON_NAME = AppIcon;
				ASSETCATALOG_COMPILER_GLOBAL_ACCENT_COLOR_NAME = AccentColor;
				CODE_SIGN_ENTITLEMENTS = SwiftfulThinkingSPMsAndSDKs/SwiftfulThinkingSPMsAndSDKs.entitlements;
				CODE_SIGN_STYLE = Automatic;
				CURRENT_PROJECT_VERSION = 1;
				DEVELOPMENT_ASSET_PATHS = "\"SwiftfulThinkingSPMsAndSDKs/Preview Content\"";
				DEVELOPMENT_TEAM = Y5AW2VH3D7;
				ENABLE_HARDENED_RUNTIME = YES;
				ENABLE_PREVIEWS = YES;
				GENERATE_INFOPLIST_FILE = YES;
				"INFOPLIST_KEY_UIApplicationSceneManifest_Generation[sdk=iphoneos*]" = YES;
				"INFOPLIST_KEY_UIApplicationSceneManifest_Generation[sdk=iphonesimulator*]" = YES;
				"INFOPLIST_KEY_UIApplicationSupportsIndirectInputEvents[sdk=iphoneos*]" = YES;
				"INFOPLIST_KEY_UIApplicationSupportsIndirectInputEvents[sdk=iphonesimulator*]" = YES;
				"INFOPLIST_KEY_UILaunchScreen_Generation[sdk=iphoneos*]" = YES;
				"INFOPLIST_KEY_UILaunchScreen_Generation[sdk=iphonesimulator*]" = YES;
				"INFOPLIST_KEY_UIStatusBarStyle[sdk=iphoneos*]" = UIStatusBarStyleDefault;
				"INFOPLIST_KEY_UIStatusBarStyle[sdk=iphonesimulator*]" = UIStatusBarStyleDefault;
				INFOPLIST_KEY_UISupportedInterfaceOrientations_iPad = "UIInterfaceOrientationPortrait UIInterfaceOrientationPortraitUpsideDown UIInterfaceOrientationLandscapeLeft UIInterfaceOrientationLandscapeRight";
				INFOPLIST_KEY_UISupportedInterfaceOrientations_iPhone = "UIInterfaceOrientationPortrait UIInterfaceOrientationLandscapeLeft UIInterfaceOrientationLandscapeRight";
				IPHONEOS_DEPLOYMENT_TARGET = 17.0;
				LD_RUNPATH_SEARCH_PATHS = "@executable_path/Frameworks";
				"LD_RUNPATH_SEARCH_PATHS[sdk=macosx*]" = "@executable_path/../Frameworks";
				MACOSX_DEPLOYMENT_TARGET = 14.0;
				MARKETING_VERSION = 1.0;
				PRODUCT_BUNDLE_IDENTIFIER = swiftfulthinking.SwiftfulThinkingSPMsAndSDKs;
				PRODUCT_NAME = "$(TARGET_NAME)";
				SDKROOT = auto;
				SUPPORTED_PLATFORMS = "iphoneos iphonesimulator macosx";
				SWIFT_EMIT_LOC_STRINGS = YES;
				SWIFT_VERSION = 5.0;
				TARGETED_DEVICE_FAMILY = "1,2";
			};
			name = Debug;
		};
		02368BF22B76FD51006DDC4E /* Release */ = {
			isa = XCBuildConfiguration;
			buildSettings = {
				ASSETCATALOG_COMPILER_APPICON_NAME = AppIcon;
				ASSETCATALOG_COMPILER_GLOBAL_ACCENT_COLOR_NAME = AccentColor;
				CODE_SIGN_ENTITLEMENTS = SwiftfulThinkingSPMsAndSDKs/SwiftfulThinkingSPMsAndSDKs.entitlements;
				CODE_SIGN_STYLE = Automatic;
				CURRENT_PROJECT_VERSION = 1;
				DEVELOPMENT_ASSET_PATHS = "\"SwiftfulThinkingSPMsAndSDKs/Preview Content\"";
				DEVELOPMENT_TEAM = Y5AW2VH3D7;
				ENABLE_HARDENED_RUNTIME = YES;
				ENABLE_PREVIEWS = YES;
				GENERATE_INFOPLIST_FILE = YES;
				"INFOPLIST_KEY_UIApplicationSceneManifest_Generation[sdk=iphoneos*]" = YES;
				"INFOPLIST_KEY_UIApplicationSceneManifest_Generation[sdk=iphonesimulator*]" = YES;
				"INFOPLIST_KEY_UIApplicationSupportsIndirectInputEvents[sdk=iphoneos*]" = YES;
				"INFOPLIST_KEY_UIApplicationSupportsIndirectInputEvents[sdk=iphonesimulator*]" = YES;
				"INFOPLIST_KEY_UILaunchScreen_Generation[sdk=iphoneos*]" = YES;
				"INFOPLIST_KEY_UILaunchScreen_Generation[sdk=iphonesimulator*]" = YES;
				"INFOPLIST_KEY_UIStatusBarStyle[sdk=iphoneos*]" = UIStatusBarStyleDefault;
				"INFOPLIST_KEY_UIStatusBarStyle[sdk=iphonesimulator*]" = UIStatusBarStyleDefault;
				INFOPLIST_KEY_UISupportedInterfaceOrientations_iPad = "UIInterfaceOrientationPortrait UIInterfaceOrientationPortraitUpsideDown UIInterfaceOrientationLandscapeLeft UIInterfaceOrientationLandscapeRight";
				INFOPLIST_KEY_UISupportedInterfaceOrientations_iPhone = "UIInterfaceOrientationPortrait UIInterfaceOrientationLandscapeLeft UIInterfaceOrientationLandscapeRight";
				IPHONEOS_DEPLOYMENT_TARGET = 17.0;
				LD_RUNPATH_SEARCH_PATHS = "@executable_path/Frameworks";
				"LD_RUNPATH_SEARCH_PATHS[sdk=macosx*]" = "@executable_path/../Frameworks";
				MACOSX_DEPLOYMENT_TARGET = 14.0;
				MARKETING_VERSION = 1.0;
				PRODUCT_BUNDLE_IDENTIFIER = swiftfulthinking.SwiftfulThinkingSPMsAndSDKs;
				PRODUCT_NAME = "$(TARGET_NAME)";
				SDKROOT = auto;
				SUPPORTED_PLATFORMS = "iphoneos iphonesimulator macosx";
				SWIFT_EMIT_LOC_STRINGS = YES;
				SWIFT_VERSION = 5.0;
				TARGETED_DEVICE_FAMILY = "1,2";
			};
			name = Release;
		};
/* End XCBuildConfiguration section */

/* Begin XCConfigurationList section */
		02368BDC2B76FD4D006DDC4E /* Build configuration list for PBXProject "SwiftfulThinkingSPMsAndSDKs" */ = {
			isa = XCConfigurationList;
			buildConfigurations = (
				02368BEE2B76FD51006DDC4E /* Debug */,
				02368BEF2B76FD51006DDC4E /* Release */,
			);
			defaultConfigurationIsVisible = 0;
			defaultConfigurationName = Release;
		};
		02368BF02B76FD51006DDC4E /* Build configuration list for PBXNativeTarget "SwiftfulThinkingSPMsAndSDKs" */ = {
			isa = XCConfigurationList;
			buildConfigurations = (
				02368BF12B76FD51006DDC4E /* Debug */,
				02368BF22B76FD51006DDC4E /* Release */,
			);
			defaultConfigurationIsVisible = 0;
			defaultConfigurationName = Release;
		};
/* End XCConfigurationList section */

/* Begin XCRemoteSwiftPackageReference section */
		02368BF32B76FFD5006DDC4E /* XCRemoteSwiftPackageReference "SDWebImageSwiftUI" */ = {
			isa = XCRemoteSwiftPackageReference;
			repositoryURL = "https://github.com/SDWebImage/SDWebImageSwiftUI.git";
			requirement = {
				kind = upToNextMajorVersion;
				minimumVersion = 2.2.6;
			};
		};
		02368C052B7714A5006DDC4E /* XCRemoteSwiftPackageReference "Kingfisher" */ = {
			isa = XCRemoteSwiftPackageReference;
			repositoryURL = "https://github.com/onevcat/Kingfisher.git";
			requirement = {
				kind = upToNextMajorVersion;
				minimumVersion = 7.10.2;
			};
		};
		02368C332B797950006DDC4E /* XCRemoteSwiftPackageReference "keychain-swift" */ = {
			isa = XCRemoteSwiftPackageReference;
			repositoryURL = "https://github.com/evgenyneu/keychain-swift.git";
			requirement = {
				kind = upToNextMajorVersion;
				minimumVersion = 21.0.0;
			};
		};
		02368C392B79831F006DDC4E /* XCRemoteSwiftPackageReference "SwiftfulUI" */ = {
			isa = XCRemoteSwiftPackageReference;
			repositoryURL = "https://github.com/SwiftfulThinking/SwiftfulUI.git";
			requirement = {
				kind = upToNextMajorVersion;
				minimumVersion = 1.1.4;
			};
		};
		02368C3D2B798FB8006DDC4E /* XCRemoteSwiftPackageReference "SwiftfulRouting" */ = {
			isa = XCRemoteSwiftPackageReference;
			repositoryURL = "https://github.com/SwiftfulThinking/SwiftfulRouting.git";
			requirement = {
				kind = upToNextMajorVersion;
				minimumVersion = 5.1.0;
			};
		};
		02368C452B79998C006DDC4E /* XCRemoteSwiftPackageReference "lottie-ios" */ = {
			isa = XCRemoteSwiftPackageReference;
			repositoryURL = "https://github.com/airbnb/lottie-ios.git";
			requirement = {
				kind = upToNextMajorVersion;
				minimumVersion = 4.4.0;
			};
		};
/* End XCRemoteSwiftPackageReference section */

/* Begin XCSwiftPackageProductDependency section */
		02368BF42B76FFD5006DDC4E /* SDWebImageSwiftUI */ = {
			isa = XCSwiftPackageProductDependency;
			package = 02368BF32B76FFD5006DDC4E /* XCRemoteSwiftPackageReference "SDWebImageSwiftUI" */;
			productName = SDWebImageSwiftUI;
		};
		02368C062B7714A5006DDC4E /* Kingfisher */ = {
			isa = XCSwiftPackageProductDependency;
			package = 02368C052B7714A5006DDC4E /* XCRemoteSwiftPackageReference "Kingfisher" */;
			productName = Kingfisher;
		};
		02368C342B797950006DDC4E /* KeychainSwift */ = {
			isa = XCSwiftPackageProductDependency;
			package = 02368C332B797950006DDC4E /* XCRemoteSwiftPackageReference "keychain-swift" */;
			productName = KeychainSwift;
		};
		02368C3A2B79831F006DDC4E /* SwiftfulUI */ = {
			isa = XCSwiftPackageProductDependency;
			package = 02368C392B79831F006DDC4E /* XCRemoteSwiftPackageReference "SwiftfulUI" */;
			productName = SwiftfulUI;
		};
		02368C3E2B798FB8006DDC4E /* SwiftfulRouting */ = {
			isa = XCSwiftPackageProductDependency;
			package = 02368C3D2B798FB8006DDC4E /* XCRemoteSwiftPackageReference "SwiftfulRouting" */;
			productName = SwiftfulRouting;
		};
		02368C462B79998C006DDC4E /* Lottie */ = {
			isa = XCSwiftPackageProductDependency;
			package = 02368C452B79998C006DDC4E /* XCRemoteSwiftPackageReference "lottie-ios" */;
			productName = Lottie;
		};
/* End XCSwiftPackageProductDependency section */
	};
	rootObject = 02368BD92B76FD4D006DDC4E /* Project object */;
}
